<Project xmlns="http://schemas.microsoft.com/developer/msbuild/2003">
  <PropertyGroup>
    <ProjectGuid>{B6E2851A-A7C4-44F3-9F7F-1A6E4319A44D}</ProjectGuid>
    <MainSource>DACComponentsSmoke.dpr</MainSource>
    <ProjectVersion>18.3</ProjectVersion>
    <FrameworkType>VCL</FrameworkType>
    <Config Condition="'$(Config)'==''">Debug</Config>
    <Platform Condition="'$(Platform)'==''">Win32</Platform>
  </PropertyGroup>
  <PropertyGroup>
    <Base>true</Base>
    <DCC_DcuOutput>..\Build\Dcu\$(Platform)\$(Config)</DCC_DcuOutput>
    <DCC_ExeOutput>..\Build\Tests\$(Platform)\$(Config)</DCC_ExeOutput>
    <DCC_UnitSearchPath>..\Source\Core;..\Source\Controls;$(DCC_UnitSearchPath)</DCC_UnitSearchPath>
    <DCC_UsePackage>rtl;vcl;vcldb;$(DCC_UsePackage)</DCC_UsePackage>
  </PropertyGroup>
  <PropertyGroup Condition="'$(Config)'=='Debug' or '$(Cfg_1)'!=''">
    <Cfg_1>true</Cfg_1>
    <CfgParent>Base</CfgParent>
    <Base>true</Base>
    <DCC_Define>DEBUG;$(DCC_Define)</DCC_Define>
  </PropertyGroup>
  <ItemGroup>
    <DelphiCompile Include="$(MainSource)">
      <MainSource>MainSource</MainSource>
    </DelphiCompile>
    <BuildConfiguration Include="Base"><Key>Base</Key></BuildConfiguration>
    <BuildConfiguration Include="Debug"><Key>Cfg_1</Key><CfgParent>Base</CfgParent></BuildConfiguration>
  </ItemGroup>
  <ProjectExtensions>
    <Borland.Personality>Delphi.Personality.12</Borland.Personality>
    <BorlandProject><Delphi.Personality><Source><Source Name="MainSource">DACComponentsSmoke.dpr</Source></Source></Delphi.Personality><Platforms><Platform value="Win32">True</Platform></Platforms></BorlandProject>
  </ProjectExtensions>
  <Import Project="$(BDS)\Bin\CodeGear.Delphi.Targets" Condition="Exists('$(BDS)\Bin\CodeGear.Delphi.Targets')"/>
</Project>
