<Project xmlns="http://schemas.microsoft.com/developer/msbuild/2003">
    <PropertyGroup>
        <ProjectGuid>{8D37F877-48D6-4C8A-8C87-2D5E3D4B31E1}</ProjectGuid>
        <MainSource>DACSkiaComponentsRuntime.dpk</MainSource>
        <ProjectVersion>18.3</ProjectVersion>
        <FrameworkType>VCL</FrameworkType>
        <Base>True</Base>
        <Config Condition="'$(Config)'==''">Debug</Config>
        <Platform Condition="'$(Platform)'==''">Win32</Platform>
        <TargetedPlatforms>1</TargetedPlatforms>
        <AppType>Package</AppType>
    </PropertyGroup>
    <PropertyGroup Condition="'$(Config)'=='Base' or '$(Base)'!=''">
        <Base>true</Base>
    </PropertyGroup>
    <PropertyGroup Condition="'$(Config)'=='Debug' or '$(Cfg_1)'!=''">
        <Cfg_1>true</Cfg_1>
        <CfgParent>Base</CfgParent>
        <Base>true</Base>
    </PropertyGroup>
    <PropertyGroup Condition="'$(Config)'=='Release' or '$(Cfg_2)'!=''">
        <Cfg_2>true</Cfg_2>
        <CfgParent>Base</CfgParent>
        <Base>true</Base>
    </PropertyGroup>
    <PropertyGroup Condition="'$(Base)'!=''">
        <DCC_CBuilderOutput>All</DCC_CBuilderOutput>
        <DCC_DcpOutput>..\Build\Dcp\</DCC_DcpOutput>
        <DCC_BplOutput>..\Build\Bpl\</DCC_BplOutput>
        <DCC_DcuOutput>..\Build\Dcu\$(Platform)\$(Config)</DCC_DcuOutput>
        <DCC_ExeOutput>..\Build\Bpl\</DCC_ExeOutput>
        <DCC_UnitSearchPath>..\Source\Core;..\Source\DesignSystem;..\Source\Skia;..\Source\Controls;..\Source\Controls\DataAware;..\Source\Hooks;$(DCC_UnitSearchPath)</DCC_UnitSearchPath>
        <DCC_Namespace>System;Xml;Data;Datasnap;Web;Soap;Vcl;Vcl.Imaging;Vcl.Touch;Vcl.Samples;Vcl.Shell;$(DCC_Namespace)</DCC_Namespace>
        <DCC_UsePackage>rtl;vcl;vclimg;Skia.Package.RTL;Skia.Package.VCL;$(DCC_UsePackage)</DCC_UsePackage>
        <GenPackage>true</GenPackage>
        <SanitizedProjectName>DACSkiaComponentsRuntime</SanitizedProjectName>
        <GenDll>true</GenDll>
    </PropertyGroup>
    <PropertyGroup Condition="'$(Cfg_1)'!=''">
        <DCC_Define>DEBUG;$(DCC_Define)</DCC_Define>
        <DCC_DebugDCUs>true</DCC_DebugDCUs>
        <DCC_Optimize>false</DCC_Optimize>
        <DCC_GenerateStackFrames>true</DCC_GenerateStackFrames>
        <DCC_DebugInfoInExe>true</DCC_DebugInfoInExe>
    </PropertyGroup>
    <PropertyGroup Condition="'$(Cfg_2)'!=''">
        <DCC_LocalDebugSymbols>false</DCC_LocalDebugSymbols>
        <DCC_Define>RELEASE;$(DCC_Define)</DCC_Define>
        <DCC_SymbolReferenceInfo>0</DCC_SymbolReferenceInfo>
        <DCC_DebugInformation>0</DCC_DebugInformation>
    </PropertyGroup>
    <ItemGroup>
        <DelphiCompile Include="$(MainSource)">
            <MainSource>MainSource</MainSource>
        </DelphiCompile>
        <DCCReference Include="rtl.dcp"/>
        <DCCReference Include="vcl.dcp"/>
        <DCCReference Include="vcldb.dcp"/>
        <DCCReference Include="vclimg.dcp"/>
        <DCCReference Include="Skia.Package.RTL.dcp"/>
        <DCCReference Include="Skia.Package.VCL.dcp"/>
        <DCCReference Include="..\Source\Core\DAC.Components.Types.pas"/>
        <DCCReference Include="..\Source\Core\DAC.Components.Dpi.pas"/>
        <DCCReference Include="..\Source\Core\DAC.Components.Geometry.pas"/>
        <DCCReference Include="..\Source\DesignSystem\DAC.Components.DesignSystem.ColorTokens.pas"/>
        <DCCReference Include="..\Source\DesignSystem\DAC.Components.DesignSystem.OpacityTokens.pas"/>
        <DCCReference Include="..\Source\DesignSystem\DAC.Components.DesignSystem.Fonts.pas"/>
        <DCCReference Include="..\Source\DesignSystem\DAC.Components.DesignSystem.TypographyTokens.pas"/>
        <DCCReference Include="..\Source\DesignSystem\DAC.Components.DesignSystem.SpacingTokens.pas"/>
        <DCCReference Include="..\Source\DesignSystem\DAC.Components.DesignSystem.RadiusTokens.pas"/>
        <DCCReference Include="..\Source\DesignSystem\DAC.Components.DesignSystem.InteractionTokens.pas"/>
        <DCCReference Include="..\Source\DesignSystem\DAC.Components.DesignSystem.CardTokens.pas"/>
        <DCCReference Include="..\Source\DesignSystem\DAC.Components.DesignSystem.Tokens.pas"/>
        <DCCReference Include="..\Source\DesignSystem\DAC.Components.DesignSystem.ChartPalette.pas"/>
        <DCCReference Include="..\Source\DesignSystem\DAC.Components.DesignSystem.Metrics.pas"/>
        <DCCReference Include="..\Source\DesignSystem\DAC.Components.DesignSystem.Theme.pas"/>
        <DCCReference Include="..\Source\DesignSystem\DAC.Components.DesignSystem.DefaultTheme.pas"/>
        <DCCReference Include="..\Source\DesignSystem\DAC.Components.DesignSystem.AssetResolver.pas"/>
        <DCCReference Include="..\Source\DesignSystem\DAC.Components.DesignSystem.IconAssets.pas"/>
        <DCCReference Include="..\Source\Skia\DAC.Components.Skia.Renderer.pas"/>
        <DCCReference Include="..\Source\Skia\DAC.Components.Skia.BackgroundPainter.pas"/>
        <DCCReference Include="..\Source\Skia\DAC.Components.Skia.BorderPainter.pas"/>
        <DCCReference Include="..\Source\Skia\DAC.Components.Skia.IconPainter.pas"/>
        <DCCReference Include="..\Source\Skia\DAC.Components.Skia.VisualElement.pas"/>
        <DCCReference Include="..\Source\Skia\DAC.Components.Skia.Container.pas"/>
        <DCCReference Include="..\Source\Controls\DAC.Components.Controls.SkiaControl.pas"/>
        <DCCReference Include="..\Source\Controls\DAC.Components.Controls.SystemText.pas"/>
        <DCCReference Include="..\Source\Controls\DAC.Components.Controls.Container.pas"/>
        <DCCReference Include="..\Source\Controls\DAC.Components.Controls.Button.pas"/>
        <DCCReference Include="..\Source\Controls\DAC.Components.Controls.Edit.pas"/>
        <DCCReference Include="..\Source\Controls\DAC.Components.Controls.ButtonEdit.pas"/>
        <DCCReference Include="..\Source\Controls\DAC.Components.Controls.DateTimePicker.pas"/>
        <DCCReference Include="..\Source\Controls\DAC.Components.Controls.ComboBox.pas"/>
        <DCCReference Include="..\Source\Controls\DAC.Components.Controls.Memo.pas"/>
        <DCCReference Include="..\Source\Controls\DAC.Components.Controls.Selectors.pas"/>
        <DCCReference Include="..\Source\Controls\DAC.Components.Controls.Tabs.pas"/>
        <DCCReference Include="..\Source\Controls\DAC.Components.Controls.SummaryCard.pas"/>
        <DCCReference Include="..\Source\Controls\DAC.Components.Controls.Badges.pas"/>
        <DCCReference Include="..\Source\Controls\DAC.Components.Controls.Progress.pas"/>
        <DCCReference Include="..\Source\Controls\DAC.Components.Controls.Pagination.pas"/>
        <DCCReference Include="..\Source\Controls\DAC.Components.Controls.Loading.pas"/>
        <DCCReference Include="..\Source\Controls\DAC.Components.Controls.DataGrid.pas"/>
        <DCCReference Include="..\Source\Hooks\DAC.Components.Hooks.SkiaControls.pas"/>
        <DCCReference Include="..\Source\Hooks\DAC.Components.Hooks.Tabs.pas"/>
        <DCCReference Include="..\Source\Hooks\DAC.Components.Hooks.Register.pas"/>
        <BuildConfiguration Include="Release">
            <Key>Cfg_2</Key>
            <CfgParent>Base</CfgParent>
        </BuildConfiguration>
        <BuildConfiguration Include="Base">
            <Key>Base</Key>
        </BuildConfiguration>
        <BuildConfiguration Include="Debug">
            <Key>Cfg_1</Key>
            <CfgParent>Base</CfgParent>
        </BuildConfiguration>
    </ItemGroup>
    <ProjectExtensions>
        <Borland.Personality>Delphi.Personality.12</Borland.Personality>
        <Borland.ProjectType>Package</Borland.ProjectType>
        <BorlandProject>
            <Delphi.Personality>
                <Source>
                    <Source Name="MainSource">DACSkiaComponentsRuntime.dpk</Source>
                </Source>
            </Delphi.Personality>
            <Platforms>
                <Platform value="Win32">True</Platform>
            </Platforms>
        </BorlandProject>
        <ProjectFileVersion>12</ProjectFileVersion>
    </ProjectExtensions>
    <Import Project="$(BDS)\Bin\CodeGear.Delphi.Targets" Condition="Exists('$(BDS)\Bin\CodeGear.Delphi.Targets')"/>
    <Import Project="$(APPDATA)\Embarcadero\$(BDSAppDataBaseDir)\UserTools.proj" Condition="Exists('$(APPDATA)\Embarcadero\$(BDSAppDataBaseDir)\UserTools.proj')"/>
    <Import Project="$(APPDATA)\Embarcadero\$(BDSAPPDATABASEDIR)\$(PRODUCTVERSION)\UserTools.proj" Condition="Exists('$(APPDATA)\Embarcadero\$(BDSAPPDATABASEDIR)\$(PRODUCTVERSION)\UserTools.proj')"/>
</Project>

